
Microsoft Visual Studio Solution File, Format Version 12.00
# Visual Studio Version 17
VisualStudioVersion = 17.5.33516.290
MinimumVisualStudioVersion = 10.0.40219.1
Project("{9A19103F-16F7-4668-BE54-9A1E7A4F7556}") = "C#hess-Console", "C#hess-Console\C#hess-Console.csproj", "{9B28EA90-14F1-4597-89FA-555511BDDA05}"
EndProject
Global
	GlobalSection(SolutionConfigurationPlatforms) = preSolution
		Debug|Any CPU = Debug|Any CPU
		Release|Any CPU = Release|Any CPU
	EndGlobalSection
	GlobalSection(ProjectConfigurationPlatforms) = postSolution
		{9B28EA90-14F1-4597-89FA-555511BDDA05}.Debug|Any CPU.ActiveCfg = Debug|Any CPU
		{9B28EA90-14F1-4597-89FA-555511BDDA05}.Debug|Any CPU.Build.0 = Debug|Any CPU
		{9B28EA90-14F1-4597-89FA-555511BDDA05}.Release|Any CPU.ActiveCfg = Release|Any CPU
		{9B28EA90-14F1-4597-89FA-555511BDDA05}.Release|Any CPU.Build.0 = Release|Any CPU
	EndGlobalSection
	GlobalSection(SolutionProperties) = preSolution
		HideSolutionNode = FALSE
	EndGlobalSection
	GlobalSection(ExtensibilityGlobals) = postSolution
		SolutionGuid = {AF814E3D-D3C8-4587-A1A1-FD97ED7E61EB}
	EndGlobalSection
EndGlobal
